// !$*UTF8*$!
{
	archiveVersion = 1;
	classes = {
	};
	objectVersion = 46;
	objects = {

/* Begin PBXBuildFile section */
		1E6585001DAF961100B6E5DC /* GofViewController.m in Sources */ = {isa = PBXBuildFile; fileRef = 1E6584FF1DAF961100B6E5DC /* GofViewController.m */; };
		1EDD98571DAF85EA0007DF7D /* GofTransitionDemoTests.m in Sources */ = {isa = PBXBuildFile; fileRef = 1EDD98561DAF85EA0007DF7D /* GofTransitionDemoTests.m */; };
		1EDD98681DAF87E50007DF7D /* AppDelegate.m in Sources */ = {isa = PBXBuildFile; fileRef = 1EDD98631DAF87E50007DF7D /* AppDelegate.m */; };
		1EDD98691DAF87E50007DF7D /* main.m in Sources */ = {isa = PBXBuildFile; fileRef = 1EDD98641DAF87E50007DF7D /* main.m */; };
		1EDD986A1DAF87E50007DF7D /* Assets.xcassets in Resources */ = {isa = PBXBuildFile; fileRef = 1EDD98661DAF87E50007DF7D /* Assets.xcassets */; };
		1EDD986D1DAF88030007DF7D /* AViewController.m in Sources */ = {isa = PBXBuildFile; fileRef = 1EDD986C1DAF88030007DF7D /* AViewController.m */; };
		1EDD98701DAF88130007DF7D /* BViewController.m in Sources */ = {isa = PBXBuildFile; fileRef = 1EDD986F1DAF88130007DF7D /* BViewController.m */; };
		1EDD98731DAF881D0007DF7D /* CViewController.m in Sources */ = {isa = PBXBuildFile; fileRef = 1EDD98721DAF881D0007DF7D /* CViewController.m */; };
		1EDD98761DAF88280007DF7D /* DViewController.m in Sources */ = {isa = PBXBuildFile; fileRef = 1EDD98751DAF88280007DF7D /* DViewController.m */; };
		1EDD98791DAF884E0007DF7D /* EViewController.m in Sources */ = {isa = PBXBuildFile; fileRef = 1EDD98781DAF884E0007DF7D /* EViewController.m */; };
		1EDD987D1DAF88CF0007DF7D /* Default-568h@2x.png in Resources */ = {isa = PBXBuildFile; fileRef = 1EDD987C1DAF88CF0007DF7D /* Default-568h@2x.png */; };
		1EDD98821DAF892E0007DF7D /* GofViewCreateFactory.m in Sources */ = {isa = PBXBuildFile; fileRef = 1EDD98811DAF892E0007DF7D /* GofViewCreateFactory.m */; };
		E43B7B16057E5E0BB36660AF /* libPods.a in Frameworks */ = {isa = PBXBuildFile; fileRef = 5D6001345E4D5122503AEAC0 /* libPods.a */; };
/* End PBXBuildFile section */

/* Begin PBXContainerItemProxy section */
		1EDD98531DAF85EA0007DF7D /* PBXContainerItemProxy */ = {
			isa = PBXContainerItemProxy;
			containerPortal = 1EDD98311DAF85EA0007DF7D /* Project object */;
			proxyType = 1;
			remoteGlobalIDString = 1EDD98381DAF85EA0007DF7D;
			remoteInfo = GofTransitionDemo;
		};
/* End PBXContainerItemProxy section */

/* Begin PBXFileReference section */
		1E6584FE1DAF961100B6E5DC /* GofViewController.h */ = {isa = PBXFileReference; fileEncoding = 4; lastKnownFileType = sourcecode.c.h; path = GofViewController.h; sourceTree = "<group>"; };
		1E6584FF1DAF961100B6E5DC /* GofViewController.m */ = {isa = PBXFileReference; fileEncoding = 4; lastKnownFileType = sourcecode.c.objc; path = GofViewController.m; sourceTree = "<group>"; };
		1EDD98391DAF85EA0007DF7D /* GofTransitionDemo.app */ = {isa = PBXFileReference; explicitFileType = wrapper.application; includeInIndex = 0; path = GofTransitionDemo.app; sourceTree = BUILT_PRODUCTS_DIR; };
		1EDD984D1DAF85EA0007DF7D /* Info.plist */ = {isa = PBXFileReference; lastKnownFileType = text.plist.xml; path = Info.plist; sourceTree = "<group>"; };
		1EDD98521DAF85EA0007DF7D /* GofTransitionDemoTests.xctest */ = {isa = PBXFileReference; explicitFileType = wrapper.cfbundle; includeInIndex = 0; path = GofTransitionDemoTests.xctest; sourceTree = BUILT_PRODUCTS_DIR; };
		1EDD98561DAF85EA0007DF7D /* GofTransitionDemoTests.m */ = {isa = PBXFileReference; lastKnownFileType = sourcecode.c.objc; path = GofTransitionDemoTests.m; sourceTree = "<group>"; };
		1EDD98581DAF85EA0007DF7D /* Info.plist */ = {isa = PBXFileReference; lastKnownFileType = text.plist.xml; path = Info.plist; sourceTree = "<group>"; };
		1EDD98621DAF87E50007DF7D /* AppDelegate.h */ = {isa = PBXFileReference; fileEncoding = 4; lastKnownFileType = sourcecode.c.h; path = AppDelegate.h; sourceTree = "<group>"; };
		1EDD98631DAF87E50007DF7D /* AppDelegate.m */ = {isa = PBXFileReference; fileEncoding = 4; lastKnownFileType = sourcecode.c.objc; path = AppDelegate.m; sourceTree = "<group>"; };
		1EDD98641DAF87E50007DF7D /* main.m */ = {isa = PBXFileReference; fileEncoding = 4; lastKnownFileType = sourcecode.c.objc; path = main.m; sourceTree = "<group>"; };
		1EDD98661DAF87E50007DF7D /* Assets.xcassets */ = {isa = PBXFileReference; lastKnownFileType = folder.assetcatalog; path = Assets.xcassets; sourceTree = "<group>"; };
		1EDD986B1DAF88030007DF7D /* AViewController.h */ = {isa = PBXFileReference; fileEncoding = 4; lastKnownFileType = sourcecode.c.h; path = AViewController.h; sourceTree = "<group>"; };
		1EDD986C1DAF88030007DF7D /* AViewController.m */ = {isa = PBXFileReference; fileEncoding = 4; lastKnownFileType = sourcecode.c.objc; path = AViewController.m; sourceTree = "<group>"; };
		1EDD986E1DAF88130007DF7D /* BViewController.h */ = {isa = PBXFileReference; fileEncoding = 4; lastKnownFileType = sourcecode.c.h; path = BViewController.h; sourceTree = "<group>"; };
		1EDD986F1DAF88130007DF7D /* BViewController.m */ = {isa = PBXFileReference; fileEncoding = 4; lastKnownFileType = sourcecode.c.objc; path = BViewController.m; sourceTree = "<group>"; };
		1EDD98711DAF881D0007DF7D /* CViewController.h */ = {isa = PBXFileReference; fileEncoding = 4; lastKnownFileType = sourcecode.c.h; path = CViewController.h; sourceTree = "<group>"; };
		1EDD98721DAF881D0007DF7D /* CViewController.m */ = {isa = PBXFileReference; fileEncoding = 4; lastKnownFileType = sourcecode.c.objc; path = CViewController.m; sourceTree = "<group>"; };
		1EDD98741DAF88280007DF7D /* DViewController.h */ = {isa = PBXFileReference; fileEncoding = 4; lastKnownFileType = sourcecode.c.h; path = DViewController.h; sourceTree = "<group>"; };
		1EDD98751DAF88280007DF7D /* DViewController.m */ = {isa = PBXFileReference; fileEncoding = 4; lastKnownFileType = sourcecode.c.objc; path = DViewController.m; sourceTree = "<group>"; };
		1EDD98771DAF884E0007DF7D /* EViewController.h */ = {isa = PBXFileReference; fileEncoding = 4; lastKnownFileType = sourcecode.c.h; path = EViewController.h; sourceTree = "<group>"; };
		1EDD98781DAF884E0007DF7D /* EViewController.m */ = {isa = PBXFileReference; fileEncoding = 4; lastKnownFileType = sourcecode.c.objc; path = EViewController.m; sourceTree = "<group>"; };
		1EDD987C1DAF88CF0007DF7D /* Default-568h@2x.png */ = {isa = PBXFileReference; lastKnownFileType = image.png; path = "Default-568h@2x.png"; sourceTree = "<group>"; };
		1EDD987F1DAF892D0007DF7D /* GofConstant.h */ = {isa = PBXFileReference; fileEncoding = 4; lastKnownFileType = sourcecode.c.h; path = GofConstant.h; sourceTree = "<group>"; };
		1EDD98801DAF892E0007DF7D /* GofViewCreateFactory.h */ = {isa = PBXFileReference; fileEncoding = 4; lastKnownFileType = sourcecode.c.h; path = GofViewCreateFactory.h; sourceTree = "<group>"; };
		1EDD98811DAF892E0007DF7D /* GofViewCreateFactory.m */ = {isa = PBXFileReference; fileEncoding = 4; lastKnownFileType = sourcecode.c.objc; path = GofViewCreateFactory.m; sourceTree = "<group>"; };
		5D6001345E4D5122503AEAC0 /* libPods.a */ = {isa = PBXFileReference; explicitFileType = archive.ar; includeInIndex = 0; path = libPods.a; sourceTree = BUILT_PRODUCTS_DIR; };
		837650D62074E6A78F321AFB /* Pods.release.xcconfig */ = {isa = PBXFileReference; includeInIndex = 1; lastKnownFileType = text.xcconfig; name = Pods.release.xcconfig; path = "Pods/Target Support Files/Pods/Pods.release.xcconfig"; sourceTree = "<group>"; };
		BC8BB2544420C75432454E20 /* Pods.debug.xcconfig */ = {isa = PBXFileReference; includeInIndex = 1; lastKnownFileType = text.xcconfig; name = Pods.debug.xcconfig; path = "Pods/Target Support Files/Pods/Pods.debug.xcconfig"; sourceTree = "<group>"; };
/* End PBXFileReference section */

/* Begin PBXFrameworksBuildPhase section */
		1EDD98361DAF85EA0007DF7D /* Frameworks */ = {
			isa = PBXFrameworksBuildPhase;
			buildActionMask = 2147483647;
			files = (
				E43B7B16057E5E0BB36660AF /* libPods.a in Frameworks */,
			);
			runOnlyForDeploymentPostprocessing = 0;
		};
		1EDD984F1DAF85EA0007DF7D /* Frameworks */ = {
			isa = PBXFrameworksBuildPhase;
			buildActionMask = 2147483647;
			files = (
			);
			runOnlyForDeploymentPostprocessing = 0;
		};
/* End PBXFrameworksBuildPhase section */

/* Begin PBXGroup section */
		1EDD98301DAF85EA0007DF7D = {
			isa = PBXGroup;
			children = (
				1EDD98611DAF87E50007DF7D /* AppDelegate */,
				1EDD987E1DAF892D0007DF7D /* BaseClass */,
				1EDD98651DAF87E50007DF7D /* Resource */,
				1EDD98671DAF87E50007DF7D /* ViewController */,
				1EDD983C1DAF85EA0007DF7D /* Supporting Files */,
				1EDD98551DAF85EA0007DF7D /* GofTransitionDemoTests */,
				1EDD983A1DAF85EA0007DF7D /* Products */,
				8EC645AAB859F8E15A8A72B0 /* Pods */,
				43C70D6CE1078BC89445908C /* Frameworks */,
			);
			sourceTree = "<group>";
		};
		1EDD983A1DAF85EA0007DF7D /* Products */ = {
			isa = PBXGroup;
			children = (
				1EDD98391DAF85EA0007DF7D /* GofTransitionDemo.app */,
				1EDD98521DAF85EA0007DF7D /* GofTransitionDemoTests.xctest */,
			);
			name = Products;
			sourceTree = "<group>";
		};
		1EDD983C1DAF85EA0007DF7D /* Supporting Files */ = {
			isa = PBXGroup;
			children = (
				1EDD984D1DAF85EA0007DF7D /* Info.plist */,
			);
			name = "Supporting Files";
			path = GofTransitionDemo;
			sourceTree = "<group>";
		};
		1EDD98551DAF85EA0007DF7D /* GofTransitionDemoTests */ = {
			isa = PBXGroup;
			children = (
				1EDD98561DAF85EA0007DF7D /* GofTransitionDemoTests.m */,
				1EDD98581DAF85EA0007DF7D /* Info.plist */,
			);
			path = GofTransitionDemoTests;
			sourceTree = "<group>";
		};
		1EDD98611DAF87E50007DF7D /* AppDelegate */ = {
			isa = PBXGroup;
			children = (
				1EDD98621DAF87E50007DF7D /* AppDelegate.h */,
				1EDD98631DAF87E50007DF7D /* AppDelegate.m */,
				1EDD98641DAF87E50007DF7D /* main.m */,
			);
			name = AppDelegate;
			path = GofTransitionDemo/AppDelegate;
			sourceTree = "<group>";
		};
		1EDD98651DAF87E50007DF7D /* Resource */ = {
			isa = PBXGroup;
			children = (
				1EDD987C1DAF88CF0007DF7D /* Default-568h@2x.png */,
				1EDD98661DAF87E50007DF7D /* Assets.xcassets */,
			);
			name = Resource;
			path = GofTransitionDemo/Resource;
			sourceTree = "<group>";
		};
		1EDD98671DAF87E50007DF7D /* ViewController */ = {
			isa = PBXGroup;
			children = (
				1EDD986B1DAF88030007DF7D /* AViewController.h */,
				1EDD986C1DAF88030007DF7D /* AViewController.m */,
				1EDD986E1DAF88130007DF7D /* BViewController.h */,
				1EDD986F1DAF88130007DF7D /* BViewController.m */,
				1EDD98711DAF881D0007DF7D /* CViewController.h */,
				1EDD98721DAF881D0007DF7D /* CViewController.m */,
				1EDD98741DAF88280007DF7D /* DViewController.h */,
				1EDD98751DAF88280007DF7D /* DViewController.m */,
				1EDD98771DAF884E0007DF7D /* EViewController.h */,
				1EDD98781DAF884E0007DF7D /* EViewController.m */,
			);
			name = ViewController;
			path = GofTransitionDemo/ViewController;
			sourceTree = "<group>";
		};
		1EDD987E1DAF892D0007DF7D /* BaseClass */ = {
			isa = PBXGroup;
			children = (
				1EDD987F1DAF892D0007DF7D /* GofConstant.h */,
				1EDD98801DAF892E0007DF7D /* GofViewCreateFactory.h */,
				1EDD98811DAF892E0007DF7D /* GofViewCreateFactory.m */,
				1E6584FE1DAF961100B6E5DC /* GofViewController.h */,
				1E6584FF1DAF961100B6E5DC /* GofViewController.m */,
			);
			name = BaseClass;
			path = GofTransitionDemo/BaseClass;
			sourceTree = "<group>";
		};
		43C70D6CE1078BC89445908C /* Frameworks */ = {
			isa = PBXGroup;
			children = (
				5D6001345E4D5122503AEAC0 /* libPods.a */,
			);
			name = Frameworks;
			sourceTree = "<group>";
		};
		8EC645AAB859F8E15A8A72B0 /* Pods */ = {
			isa = PBXGroup;
			children = (
				BC8BB2544420C75432454E20 /* Pods.debug.xcconfig */,
				837650D62074E6A78F321AFB /* Pods.release.xcconfig */,
			);
			name = Pods;
			sourceTree = "<group>";
		};
/* End PBXGroup section */

/* Begin PBXNativeTarget section */
		1EDD98381DAF85EA0007DF7D /* GofTransitionDemo */ = {
			isa = PBXNativeTarget;
			buildConfigurationList = 1EDD985B1DAF85EA0007DF7D /* Build configuration list for PBXNativeTarget "GofTransitionDemo" */;
			buildPhases = (
				CAF1A0AF7BE8DDB9C8546D83 /* Check Pods Manifest.lock */,
				1EDD98351DAF85EA0007DF7D /* Sources */,
				1EDD98361DAF85EA0007DF7D /* Frameworks */,
				1EDD98371DAF85EA0007DF7D /* Resources */,
				D2C383935D2738DDD6AA8EF0 /* Embed Pods Frameworks */,
				440F51257098B0E939443C1B /* Copy Pods Resources */,
			);
			buildRules = (
			);
			dependencies = (
			);
			name = GofTransitionDemo;
			productName = GofTransitionDemo;
			productReference = 1EDD98391DAF85EA0007DF7D /* GofTransitionDemo.app */;
			productType = "com.apple.product-type.application";
		};
		1EDD98511DAF85EA0007DF7D /* GofTransitionDemoTests */ = {
			isa = PBXNativeTarget;
			buildConfigurationList = 1EDD985E1DAF85EA0007DF7D /* Build configuration list for PBXNativeTarget "GofTransitionDemoTests" */;
			buildPhases = (
				1EDD984E1DAF85EA0007DF7D /* Sources */,
				1EDD984F1DAF85EA0007DF7D /* Frameworks */,
				1EDD98501DAF85EA0007DF7D /* Resources */,
			);
			buildRules = (
			);
			dependencies = (
				1EDD98541DAF85EA0007DF7D /* PBXTargetDependency */,
			);
			name = GofTransitionDemoTests;
			productName = GofTransitionDemoTests;
			productReference = 1EDD98521DAF85EA0007DF7D /* GofTransitionDemoTests.xctest */;
			productType = "com.apple.product-type.bundle.unit-test";
		};
/* End PBXNativeTarget section */

/* Begin PBXProject section */
		1EDD98311DAF85EA0007DF7D /* Project object */ = {
			isa = PBXProject;
			attributes = {
				LastUpgradeCheck = 0800;
				ORGANIZATIONNAME = GofLee;
				TargetAttributes = {
					1EDD98381DAF85EA0007DF7D = {
						CreatedOnToolsVersion = 8.0;
						DevelopmentTeam = 5CKSJSE23P;
						ProvisioningStyle = Automatic;
					};
					1EDD98511DAF85EA0007DF7D = {
						CreatedOnToolsVersion = 8.0;
						ProvisioningStyle = Automatic;
						TestTargetID = 1EDD98381DAF85EA0007DF7D;
					};
				};
			};
			buildConfigurationList = 1EDD98341DAF85EA0007DF7D /* Build configuration list for PBXProject "GofTransitionDemo" */;
			compatibilityVersion = "Xcode 3.2";
			developmentRegion = English;
			hasScannedForEncodings = 0;
			knownRegions = (
				en,
				Base,
			);
			mainGroup = 1EDD98301DAF85EA0007DF7D;
			productRefGroup = 1EDD983A1DAF85EA0007DF7D /* Products */;
			projectDirPath = "";
			projectRoot = "";
			targets = (
				1EDD98381DAF85EA0007DF7D /* GofTransitionDemo */,
				1EDD98511DAF85EA0007DF7D /* GofTransitionDemoTests */,
			);
		};
/* End PBXProject section */

/* Begin PBXResourcesBuildPhase section */
		1EDD98371DAF85EA0007DF7D /* Resources */ = {
			isa = PBXResourcesBuildPhase;
			buildActionMask = 2147483647;
			files = (
				1EDD986A1DAF87E50007DF7D /* Assets.xcassets in Resources */,
				1EDD987D1DAF88CF0007DF7D /* Default-568h@2x.png in Resources */,
			);
			runOnlyForDeploymentPostprocessing = 0;
		};
		1EDD98501DAF85EA0007DF7D /* Resources */ = {
			isa = PBXResourcesBuildPhase;
			buildActionMask = 2147483647;
			files = (
			);
			runOnlyForDeploymentPostprocessing = 0;
		};
/* End PBXResourcesBuildPhase section */

/* Begin PBXShellScriptBuildPhase section */
		440F51257098B0E939443C1B /* Copy Pods Resources */ = {
			isa = PBXShellScriptBuildPhase;
			buildActionMask = 2147483647;
			files = (
			);
			inputPaths = (
			);
			name = "Copy Pods Resources";
			outputPaths = (
			);
			runOnlyForDeploymentPostprocessing = 0;
			shellPath = /bin/sh;
			shellScript = "\"${SRCROOT}/Pods/Target Support Files/Pods/Pods-resources.sh\"\n";
			showEnvVarsInLog = 0;
		};
		CAF1A0AF7BE8DDB9C8546D83 /* Check Pods Manifest.lock */ = {
			isa = PBXShellScriptBuildPhase;
			buildActionMask = 2147483647;
			files = (
			);
			inputPaths = (
			);
			name = "Check Pods Manifest.lock";
			outputPaths = (
			);
			runOnlyForDeploymentPostprocessing = 0;
			shellPath = /bin/sh;
			shellScript = "diff \"${PODS_ROOT}/../Podfile.lock\" \"${PODS_ROOT}/Manifest.lock\" > /dev/null\nif [[ $? != 0 ]] ; then\n    cat << EOM\nerror: The sandbox is not in sync with the Podfile.lock. Run 'pod install' or update your CocoaPods installation.\nEOM\n    exit 1\nfi\n";
			showEnvVarsInLog = 0;
		};
		D2C383935D2738DDD6AA8EF0 /* Embed Pods Frameworks */ = {
			isa = PBXShellScriptBuildPhase;
			buildActionMask = 2147483647;
			files = (
			);
			inputPaths = (
			);
			name = "Embed Pods Frameworks";
			outputPaths = (
			);
			runOnlyForDeploymentPostprocessing = 0;
			shellPath = /bin/sh;
			shellScript = "\"${SRCROOT}/Pods/Target Support Files/Pods/Pods-frameworks.sh\"\n";
			showEnvVarsInLog = 0;
		};
/* End PBXShellScriptBuildPhase section */

/* Begin PBXSourcesBuildPhase section */
		1EDD98351DAF85EA0007DF7D /* Sources */ = {
			isa = PBXSourcesBuildPhase;
			buildActionMask = 2147483647;
			files = (
				1EDD98731DAF881D0007DF7D /* CViewController.m in Sources */,
				1EDD986D1DAF88030007DF7D /* AViewController.m in Sources */,
				1EDD98701DAF88130007DF7D /* BViewController.m in Sources */,
				1EDD98761DAF88280007DF7D /* DViewController.m in Sources */,
				1EDD98821DAF892E0007DF7D /* GofViewCreateFactory.m in Sources */,
				1E6585001DAF961100B6E5DC /* GofViewController.m in Sources */,
				1EDD98791DAF884E0007DF7D /* EViewController.m in Sources */,
				1EDD98691DAF87E50007DF7D /* main.m in Sources */,
				1EDD98681DAF87E50007DF7D /* AppDelegate.m in Sources */,
			);
			runOnlyForDeploymentPostprocessing = 0;
		};
		1EDD984E1DAF85EA0007DF7D /* Sources */ = {
			isa = PBXSourcesBuildPhase;
			buildActionMask = 2147483647;
			files = (
				1EDD98571DAF85EA0007DF7D /* GofTransitionDemoTests.m in Sources */,
			);
			runOnlyForDeploymentPostprocessing = 0;
		};
/* End PBXSourcesBuildPhase section */

/* Begin PBXTargetDependency section */
		1EDD98541DAF85EA0007DF7D /* PBXTargetDependency */ = {
			isa = PBXTargetDependency;
			target = 1EDD98381DAF85EA0007DF7D /* GofTransitionDemo */;
			targetProxy = 1EDD98531DAF85EA0007DF7D /* PBXContainerItemProxy */;
		};
/* End PBXTargetDependency section */

/* Begin XCBuildConfiguration section */
		1EDD98591DAF85EA0007DF7D /* Debug */ = {
			isa = XCBuildConfiguration;
			buildSettings = {
				ALWAYS_SEARCH_USER_PATHS = NO;
				CLANG_ANALYZER_NONNULL = YES;
				CLANG_CXX_LANGUAGE_STANDARD = "gnu++0x";
				CLANG_CXX_LIBRARY = "libc++";
				CLANG_ENABLE_MODULES = YES;
				CLANG_ENABLE_OBJC_ARC = YES;
				CLANG_WARN_BOOL_CONVERSION = YES;
				CLANG_WARN_CONSTANT_CONVERSION = YES;
				CLANG_WARN_DIRECT_OBJC_ISA_USAGE = YES_ERROR;
				CLANG_WARN_DOCUMENTATION_COMMENTS = YES;
				CLANG_WARN_EMPTY_BODY = YES;
				CLANG_WARN_ENUM_CONVERSION = YES;
				CLANG_WARN_INFINITE_RECURSION = YES;
				CLANG_WARN_INT_CONVERSION = YES;
				CLANG_WARN_OBJC_ROOT_CLASS = YES_ERROR;
				CLANG_WARN_SUSPICIOUS_MOVES = YES;
				CLANG_WARN_UNREACHABLE_CODE = YES;
				CLANG_WARN__DUPLICATE_METHOD_MATCH = YES;
				"CODE_SIGN_IDENTITY[sdk=iphoneos*]" = "iPhone Developer";
				COPY_PHASE_STRIP = NO;
				DEBUG_INFORMATION_FORMAT = dwarf;
				ENABLE_STRICT_OBJC_MSGSEND = YES;
				ENABLE_TESTABILITY = YES;
				GCC_C_LANGUAGE_STANDARD = gnu99;
				GCC_DYNAMIC_NO_PIC = NO;
				GCC_NO_COMMON_BLOCKS = YES;
				GCC_OPTIMIZATION_LEVEL = 0;
				GCC_PREPROCESSOR_DEFINITIONS = (
					"DEBUG=1",
					"$(inherited)",
				);
				GCC_WARN_64_TO_32_BIT_CONVERSION = YES;
				GCC_WARN_ABOUT_RETURN_TYPE = YES_ERROR;
				GCC_WARN_UNDECLARED_SELECTOR = YES;
				GCC_WARN_UNINITIALIZED_AUTOS = YES_AGGRESSIVE;
				GCC_WARN_UNUSED_FUNCTION = YES;
				GCC_WARN_UNUSED_VARIABLE = YES;
				IPHONEOS_DEPLOYMENT_TARGET = 10.0;
				MTL_ENABLE_DEBUG_INFO = YES;
				ONLY_ACTIVE_ARCH = YES;
				SDKROOT = iphoneos;
			};
			name = Debug;
		};
		1EDD985A1DAF85EA0007DF7D /* Release */ = {
			isa = XCBuildConfiguration;
			buildSettings = {
				ALWAYS_SEARCH_USER_PATHS = NO;
				CLANG_ANALYZER_NONNULL = YES;
				CLANG_CXX_LANGUAGE_STANDARD = "gnu++0x";
				CLANG_CXX_LIBRARY = "libc++";
				CLANG_ENABLE_MODULES = YES;
				CLANG_ENABLE_OBJC_ARC = YES;
				CLANG_WARN_BOOL_CONVERSION = YES;
				CLANG_WARN_CONSTANT_CONVERSION = YES;
				CLANG_WARN_DIRECT_OBJC_ISA_USAGE = YES_ERROR;
				CLANG_WARN_DOCUMENTATION_COMMENTS = YES;
				CLANG_WARN_EMPTY_BODY = YES;
				CLANG_WARN_ENUM_CONVERSION = YES;
				CLANG_WARN_INFINITE_RECURSION = YES;
				CLANG_WARN_INT_CONVERSION = YES;
				CLANG_WARN_OBJC_ROOT_CLASS = YES_ERROR;
				CLANG_WARN_SUSPICIOUS_MOVES = YES;
				CLANG_WARN_UNREACHABLE_CODE = YES;
				CLANG_WARN__DUPLICATE_METHOD_MATCH = YES;
				"CODE_SIGN_IDENTITY[sdk=iphoneos*]" = "iPhone Developer";
				COPY_PHASE_STRIP = NO;
				DEBUG_INFORMATION_FORMAT = "dwarf-with-dsym";
				ENABLE_NS_ASSERTIONS = NO;
				ENABLE_STRICT_OBJC_MSGSEND = YES;
				GCC_C_LANGUAGE_STANDARD = gnu99;
				GCC_NO_COMMON_BLOCKS = YES;
				GCC_WARN_64_TO_32_BIT_CONVERSION = YES;
				GCC_WARN_ABOUT_RETURN_TYPE = YES_ERROR;
				GCC_WARN_UNDECLARED_SELECTOR = YES;
				GCC_WARN_UNINITIALIZED_AUTOS = YES_AGGRESSIVE;
				GCC_WARN_UNUSED_FUNCTION = YES;
				GCC_WARN_UNUSED_VARIABLE = YES;
				IPHONEOS_DEPLOYMENT_TARGET = 10.0;
				MTL_ENABLE_DEBUG_INFO = NO;
				SDKROOT = iphoneos;
				VALIDATE_PRODUCT = YES;
			};
			name = Release;
		};
		1EDD985C1DAF85EA0007DF7D /* Debug */ = {
			isa = XCBuildConfiguration;
			baseConfigurationReference = BC8BB2544420C75432454E20 /* Pods.debug.xcconfig */;
			buildSettings = {
				ASSETCATALOG_COMPILER_APPICON_NAME = AppIcon;
				DEVELOPMENT_TEAM = 5CKSJSE23P;
				INFOPLIST_FILE = GofTransitionDemo/Info.plist;
				LD_RUNPATH_SEARCH_PATHS = "$(inherited) @executable_path/Frameworks";
				PRODUCT_BUNDLE_IDENTIFIER = com.gof.GofTransitionDemo;
				PRODUCT_NAME = "$(TARGET_NAME)";
			};
			name = Debug;
		};
		1EDD985D1DAF85EA0007DF7D /* Release */ = {
			isa = XCBuildConfiguration;
			baseConfigurationReference = 837650D62074E6A78F321AFB /* Pods.release.xcconfig */;
			buildSettings = {
				ASSETCATALOG_COMPILER_APPICON_NAME = AppIcon;
				DEVELOPMENT_TEAM = 5CKSJSE23P;
				INFOPLIST_FILE = GofTransitionDemo/Info.plist;
				LD_RUNPATH_SEARCH_PATHS = "$(inherited) @executable_path/Frameworks";
				PRODUCT_BUNDLE_IDENTIFIER = com.gof.GofTransitionDemo;
				PRODUCT_NAME = "$(TARGET_NAME)";
			};
			name = Release;
		};
		1EDD985F1DAF85EA0007DF7D /* Debug */ = {
			isa = XCBuildConfiguration;
			buildSettings = {
				BUNDLE_LOADER = "$(TEST_HOST)";
				INFOPLIST_FILE = GofTransitionDemoTests/Info.plist;
				LD_RUNPATH_SEARCH_PATHS = "$(inherited) @executable_path/Frameworks @loader_path/Frameworks";
				PRODUCT_BUNDLE_IDENTIFIER = com.gof.GofTransitionDemoTests;
				PRODUCT_NAME = "$(TARGET_NAME)";
				TEST_HOST = "$(BUILT_PRODUCTS_DIR)/GofTransitionDemo.app/GofTransitionDemo";
			};
			name = Debug;
		};
		1EDD98601DAF85EA0007DF7D /* Release */ = {
			isa = XCBuildConfiguration;
			buildSettings = {
				BUNDLE_LOADER = "$(TEST_HOST)";
				INFOPLIST_FILE = GofTransitionDemoTests/Info.plist;
				LD_RUNPATH_SEARCH_PATHS = "$(inherited) @executable_path/Frameworks @loader_path/Frameworks";
				PRODUCT_BUNDLE_IDENTIFIER = com.gof.GofTransitionDemoTests;
				PRODUCT_NAME = "$(TARGET_NAME)";
				TEST_HOST = "$(BUILT_PRODUCTS_DIR)/GofTransitionDemo.app/GofTransitionDemo";
			};
			name = Release;
		};
/* End XCBuildConfiguration section */

/* Begin XCConfigurationList section */
		1EDD98341DAF85EA0007DF7D /* Build configuration list for PBXProject "GofTransitionDemo" */ = {
			isa = XCConfigurationList;
			buildConfigurations = (
				1EDD98591DAF85EA0007DF7D /* Debug */,
				1EDD985A1DAF85EA0007DF7D /* Release */,
			);
			defaultConfigurationIsVisible = 0;
			defaultConfigurationName = Release;
		};
		1EDD985B1DAF85EA0007DF7D /* Build configuration list for PBXNativeTarget "GofTransitionDemo" */ = {
			isa = XCConfigurationList;
			buildConfigurations = (
				1EDD985C1DAF85EA0007DF7D /* Debug */,
				1EDD985D1DAF85EA0007DF7D /* Release */,
			);
			defaultConfigurationIsVisible = 0;
			defaultConfigurationName = Release;
		};
		1EDD985E1DAF85EA0007DF7D /* Build configuration list for PBXNativeTarget "GofTransitionDemoTests" */ = {
			isa = XCConfigurationList;
			buildConfigurations = (
				1EDD985F1DAF85EA0007DF7D /* Debug */,
				1EDD98601DAF85EA0007DF7D /* Release */,
			);
			defaultConfigurationIsVisible = 0;
			defaultConfigurationName = Release;
		};
/* End XCConfigurationList section */
	};
	rootObject = 1EDD98311DAF85EA0007DF7D /* Project object */;
}
